
Microsoft Visual Studio Solution File, Format Version 12.00
# Visual Studio 14
VisualStudioVersion = 14.0.24720.0
MinimumVisualStudioVersion = 10.0.40219.1
Project("{FAE04EC0-301F-11D3-BF4B-00C04F79EFBC}") = "BlackWhale.Web", "BlackWhale.Web\BlackWhale.Web.csproj", "{AC002A1A-768E-441D-8477-2820D534335C}"
EndProject
Project("{FAE04EC0-301F-11D3-BF4B-00C04F79EFBC}") = "BlackWhale.Models", "BlackWhale.Models\BlackWhale.Models.csproj", "{009BA1DD-6E3F-4F9B-9612-538D735C068E}"
EndProject
Project("{FAE04EC0-301F-11D3-BF4B-00C04F79EFBC}") = "BlackWhale.Data", "BlackWhale.Data\BlackWhale.Data.csproj", "{CCF74BB1-84DC-4273-84F7-6EC846C496AB}"
EndProject
Project("{FAE04EC0-301F-11D3-BF4B-00C04F79EFBC}") = "BlackWhale.Service", "BlackWhale.Service\BlackWhale.Service.csproj", "{FD089245-E6E6-4204-A5F8-132C16E82838}"
EndProject
Project("{FAE04EC0-301F-11D3-BF4B-00C04F79EFBC}") = "BlackWhale.Core", "BlackWhale.Core\BlackWhale.Core.csproj", "{C526452C-5C3B-4FEC-ACF7-6C4DCAEB11FF}"
EndProject
Global
	GlobalSection(SolutionConfigurationPlatforms) = preSolution
		Debug|Any CPU = Debug|Any CPU
		Release|Any CPU = Release|Any CPU
	EndGlobalSection
	GlobalSection(ProjectConfigurationPlatforms) = postSolution
		{AC002A1A-768E-441D-8477-2820D534335C}.Debug|Any CPU.ActiveCfg = Debug|Any CPU
		{AC002A1A-768E-441D-8477-2820D534335C}.Debug|Any CPU.Build.0 = Debug|Any CPU
		{AC002A1A-768E-441D-8477-2820D534335C}.Release|Any CPU.ActiveCfg = Release|Any CPU
		{AC002A1A-768E-441D-8477-2820D534335C}.Release|Any CPU.Build.0 = Release|Any CPU
		{009BA1DD-6E3F-4F9B-9612-538D735C068E}.Debug|Any CPU.ActiveCfg = Debug|Any CPU
		{009BA1DD-6E3F-4F9B-9612-538D735C068E}.Debug|Any CPU.Build.0 = Debug|Any CPU
		{009BA1DD-6E3F-4F9B-9612-538D735C068E}.Release|Any CPU.ActiveCfg = Release|Any CPU
		{009BA1DD-6E3F-4F9B-9612-538D735C068E}.Release|Any CPU.Build.0 = Release|Any CPU
		{CCF74BB1-84DC-4273-84F7-6EC846C496AB}.Debug|Any CPU.ActiveCfg = Debug|Any CPU
		{CCF74BB1-84DC-4273-84F7-6EC846C496AB}.Debug|Any CPU.Build.0 = Debug|Any CPU
		{CCF74BB1-84DC-4273-84F7-6EC846C496AB}.Release|Any CPU.ActiveCfg = Release|Any CPU
		{CCF74BB1-84DC-4273-84F7-6EC846C496AB}.Release|Any CPU.Build.0 = Release|Any CPU
		{FD089245-E6E6-4204-A5F8-132C16E82838}.Debug|Any CPU.ActiveCfg = Debug|Any CPU
		{FD089245-E6E6-4204-A5F8-132C16E82838}.Debug|Any CPU.Build.0 = Debug|Any CPU
		{FD089245-E6E6-4204-A5F8-132C16E82838}.Release|Any CPU.ActiveCfg = Release|Any CPU
		{FD089245-E6E6-4204-A5F8-132C16E82838}.Release|Any CPU.Build.0 = Release|Any CPU
		{C526452C-5C3B-4FEC-ACF7-6C4DCAEB11FF}.Debug|Any CPU.ActiveCfg = Debug|Any CPU
		{C526452C-5C3B-4FEC-ACF7-6C4DCAEB11FF}.Debug|Any CPU.Build.0 = Debug|Any CPU
		{C526452C-5C3B-4FEC-ACF7-6C4DCAEB11FF}.Release|Any CPU.ActiveCfg = Release|Any CPU
		{C526452C-5C3B-4FEC-ACF7-6C4DCAEB11FF}.Release|Any CPU.Build.0 = Release|Any CPU
	EndGlobalSection
	GlobalSection(SolutionProperties) = preSolution
		HideSolutionNode = FALSE
	EndGlobalSection
EndGlobal
